{
  "version": "5",
  "specifiers": {
    "jsr:@supabase/supabase-js@2": "2.117.1"
  },
  "jsr": {
    "@supabase/supabase-js@2.117.1": {
      "integrity": "79c8b2cffe9805b11e0b89d7b0754df23b606b69707cb67f8422548eaed3017a"
    }
  },
  "workspace": {
    "packageJson": {
      "dependencies": [
        "npm:@expo-google-fonts/ibm-plex-sans-arabic@~0.4.2",
        "npm:@expo/metro-runtime@~57.0.16",
        "npm:@expo/vector-icons@^15.0.2",
        "npm:@react-native-async-storage/async-storage@2.2.0",
        "npm:@supabase/supabase-js@^2.117.1",
        "npm:@types/jest@30",
        "npm:@types/react@~19.2.2",
        "npm:eslint-config-expo@~57.0.2",
        "npm:eslint@^9.39.5",
        "npm:expo-camera@~57.0.5",
        "npm:expo-constants@~57.0.19",
        "npm:expo-document-picker@~57.0.2",
        "npm:expo-file-system@~57.0.7",
        "npm:expo-font@~57.0.4",
        "npm:expo-haptics@~57.0.3",
        "npm:expo-linear-gradient@~57.0.2",
        "npm:expo-linking@~57.0.10",
        "npm:expo-local-authentication@~57.0.3",
        "npm:expo-localization@~57.0.2",
        "npm:expo-media-library@~57.0.5",
        "npm:expo-notifications@~57.0.20",
        "npm:expo-router@~57.0.22",
        "npm:expo-sharing@~57.0.21",
        "npm:expo-splash-screen@~57.0.9",
        "npm:expo-status-bar@~57.0.1",
        "npm:expo-store-review@~57.0.3",
        "npm:expo-system-ui@~57.0.4",
        "npm:expo@~57.0.24",
        "npm:jest-expo@~57.0.5",
        "npm:jest@^29.7.0",
        "npm:react-dom@19.2.3",
        "npm:react-native-purchases@^10.10.1",
        "npm:react-native-qrcode-svg@^6.3.26",
        "npm:react-native-safe-area-context@5.7",
        "npm:react-native-screens@4.26",
        "npm:react-native-svg@15.15.4",
        "npm:react-native-url-polyfill@2",
        "npm:react-native-view-shot@5.1.0",
        "npm:react-native-web@0.21",
        "npm:react-native@0.86.3",
        "npm:react@19.2.3",
        "npm:typescript@~6.0.3",
        "npm:zustand@^5.0.15"
      ]
    }
  }
}
